
Microsoft Visual Studio Solution File, Format Version 12.00
# Visual Studio Version 16
VisualStudioVersion = 16.0.29728.190
MinimumVisualStudioVersion = 10.0.40219.1
Project("{9A19103F-16F7-4668-BE54-9A1E7A4F7556}") = "Bookbox", "Bookbox.csproj", "{BC4282F8-1388-4730-A7CA-DD6F304C333F}"
EndProject
Project("{9A19103F-16F7-4668-BE54-9A1E7A4F7556}") = "BookboxData", "..\BookboxData\BookboxData.csproj", "{2F2023E7-F9F2-400D-B70A-2FE8181EC4C3}"
EndProject
Project("{FAE04EC0-301F-11D3-BF4B-00C04F79EFBC}") = "BookboxServices", "..\BookboxServices\BookboxServices.csproj", "{D0554AFA-4E36-4D84-B436-722EB39CDAB9}"
EndProject
Global
	GlobalSection(SolutionConfigurationPlatforms) = preSolution
		Debug|Any CPU = Debug|Any CPU
		Release|Any CPU = Release|Any CPU
	EndGlobalSection
	GlobalSection(ProjectConfigurationPlatforms) = postSolution
		{BC4282F8-1388-4730-A7CA-DD6F304C333F}.Debug|Any CPU.ActiveCfg = Debug|Any CPU
		{BC4282F8-1388-4730-A7CA-DD6F304C333F}.Debug|Any CPU.Build.0 = Debug|Any CPU
		{BC4282F8-1388-4730-A7CA-DD6F304C333F}.Release|Any CPU.ActiveCfg = Release|Any CPU
		{BC4282F8-1388-4730-A7CA-DD6F304C333F}.Release|Any CPU.Build.0 = Release|Any CPU
		{2F2023E7-F9F2-400D-B70A-2FE8181EC4C3}.Debug|Any CPU.ActiveCfg = Debug|Any CPU
		{2F2023E7-F9F2-400D-B70A-2FE8181EC4C3}.Debug|Any CPU.Build.0 = Debug|Any CPU
		{2F2023E7-F9F2-400D-B70A-2FE8181EC4C3}.Release|Any CPU.ActiveCfg = Release|Any CPU
		{2F2023E7-F9F2-400D-B70A-2FE8181EC4C3}.Release|Any CPU.Build.0 = Release|Any CPU
		{D0554AFA-4E36-4D84-B436-722EB39CDAB9}.Debug|Any CPU.ActiveCfg = Debug|Any CPU
		{D0554AFA-4E36-4D84-B436-722EB39CDAB9}.Debug|Any CPU.Build.0 = Debug|Any CPU
		{D0554AFA-4E36-4D84-B436-722EB39CDAB9}.Release|Any CPU.ActiveCfg = Release|Any CPU
		{D0554AFA-4E36-4D84-B436-722EB39CDAB9}.Release|Any CPU.Build.0 = Release|Any CPU
	EndGlobalSection
	GlobalSection(SolutionProperties) = preSolution
		HideSolutionNode = FALSE
	EndGlobalSection
	GlobalSection(ExtensibilityGlobals) = postSolution
		SolutionGuid = {2BCB542D-0B12-48EE-88AF-C221A74D7813}
	EndGlobalSection
EndGlobal
